
Microsoft Visual Studio Solution File, Format Version 12.00
# Visual Studio 2012
Project("{FAE04EC0-301F-11D3-BF4B-00C04F79EFBC}") = "Krokomierz", "Krokomierz\Krokomierz.csproj", "{4D8E1948-9C50-4E0A-BE57-97EF3694976A}"
EndProject
Global
	GlobalSection(SolutionConfigurationPlatforms) = preSolution
		Debug|Any CPU = Debug|Any CPU
		Release|Any CPU = Release|Any CPU
	EndGlobalSection
	GlobalSection(ProjectConfigurationPlatforms) = postSolution
		{4D8E1948-9C50-4E0A-BE57-97EF3694976A}.Debug|Any CPU.ActiveCfg = Debug|Any CPU
		{4D8E1948-9C50-4E0A-BE57-97EF3694976A}.Debug|Any CPU.Build.0 = Debug|Any CPU
		{4D8E1948-9C50-4E0A-BE57-97EF3694976A}.Debug|Any CPU.Deploy.0 = Debug|Any CPU
		{4D8E1948-9C50-4E0A-BE57-97EF3694976A}.Release|Any CPU.ActiveCfg = Release|Any CPU
		{4D8E1948-9C50-4E0A-BE57-97EF3694976A}.Release|Any CPU.Build.0 = Release|Any CPU
		{4D8E1948-9C50-4E0A-BE57-97EF3694976A}.Release|Any CPU.Deploy.0 = Release|Any CPU
	EndGlobalSection
	GlobalSection(SolutionProperties) = preSolution
		HideSolutionNode = FALSE
	EndGlobalSection
EndGlobal
